// !$*UTF8*$!
{
	archiveVersion = 1;
	classes = {
	};
	objectVersion = 51;
	objects = {

/* Begin PBXBuildFile section */
		3805E08C25D018B60049FA57 /* FireBase.swift in Sources */ = {isa = PBXBuildFile; fileRef = 3805E08B25D018B60049FA57 /* FireBase.swift */; };
		381168A02662201E0010D2DD /* CoreDataSyncServer.swift in Sources */ = {isa = PBXBuildFile; fileRef = 3811689F2662201E0010D2DD /* CoreDataSyncServer.swift */; };
		3821A2EB25D2C75100988955 /* LoginView.swift in Sources */ = {isa = PBXBuildFile; fileRef = 3821A2EA25D2C75100988955 /* LoginView.swift */; };
		3821A2EE25D2CB7000988955 /* RegistrationView.swift in Sources */ = {isa = PBXBuildFile; fileRef = 3821A2ED25D2CB7000988955 /* RegistrationView.swift */; };
		3821A2F125D2CC4D00988955 /* NoteCreationView.swift in Sources */ = {isa = PBXBuildFile; fileRef = 3821A2F025D2CC4D00988955 /* NoteCreationView.swift */; };
		382BCB4B260B4E9400831B45 /* NoteFileModel.swift in Sources */ = {isa = PBXBuildFile; fileRef = 382BCB4A260B4E9400831B45 /* NoteFileModel.swift */; };
		3832D975265BC7B200FF6B75 /* DataModel.xcdatamodeld in Sources */ = {isa = PBXBuildFile; fileRef = 3832D973265BC7B200FF6B75 /* DataModel.xcdatamodeld */; };
		3834CEF925E5751B0009D65F /* Enums.swift in Sources */ = {isa = PBXBuildFile; fileRef = 3834CEF825E5751B0009D65F /* Enums.swift */; };
		38490A922652C69100095CF8 /* ChangeNoteView.swift in Sources */ = {isa = PBXBuildFile; fileRef = 38490A912652C69100095CF8 /* ChangeNoteView.swift */; };
		386E48CC25DD6DF00029A8D2 /* Account.swift in Sources */ = {isa = PBXBuildFile; fileRef = 386E48CB25DD6DF00029A8D2 /* Account.swift */; };
		38A0461C25FFC81C002D61B1 /* GoogleService-Info.plist in Resources */ = {isa = PBXBuildFile; fileRef = 38A0461B25FFC81C002D61B1 /* GoogleService-Info.plist */; };
		38AA57CD262C8B9800FFE4A1 /* CoreData.swift in Sources */ = {isa = PBXBuildFile; fileRef = 38AA57CC262C8B9800FFE4A1 /* CoreData.swift */; };
		38B23CD6262C952900146B58 /* NoteListView.swift in Sources */ = {isa = PBXBuildFile; fileRef = 38B23CD5262C952900146B58 /* NoteListView.swift */; };
		38E04F1C2612288E0063B960 /* AccountView.swift in Sources */ = {isa = PBXBuildFile; fileRef = 38E04F1B2612288E0063B960 /* AccountView.swift */; };
		38EC34A7265BD1A3005645AC /* NoteToDelete+CoreDataClass.swift in Sources */ = {isa = PBXBuildFile; fileRef = 38EC349F265BD1A3005645AC /* NoteToDelete+CoreDataClass.swift */; };
		38EC34A8265BD1A3005645AC /* NoteToDelete+CoreDataProperties.swift in Sources */ = {isa = PBXBuildFile; fileRef = 38EC34A0265BD1A3005645AC /* NoteToDelete+CoreDataProperties.swift */; };
		38EC34A9265BD1A3005645AC /* NoteToUpdate+CoreDataClass.swift in Sources */ = {isa = PBXBuildFile; fileRef = 38EC34A1265BD1A3005645AC /* NoteToUpdate+CoreDataClass.swift */; };
		38EC34AA265BD1A3005645AC /* NoteToUpdate+CoreDataProperties.swift in Sources */ = {isa = PBXBuildFile; fileRef = 38EC34A2265BD1A3005645AC /* NoteToUpdate+CoreDataProperties.swift */; };
		38EC34AB265BD1A3005645AC /* NoteModel+CoreDataClass.swift in Sources */ = {isa = PBXBuildFile; fileRef = 38EC34A3265BD1A3005645AC /* NoteModel+CoreDataClass.swift */; };
		38EC34AC265BD1A3005645AC /* NoteModel+CoreDataProperties.swift in Sources */ = {isa = PBXBuildFile; fileRef = 38EC34A4265BD1A3005645AC /* NoteModel+CoreDataProperties.swift */; };
		38EC34AD265BD1A3005645AC /* NoteToCreate+CoreDataClass.swift in Sources */ = {isa = PBXBuildFile; fileRef = 38EC34A5265BD1A3005645AC /* NoteToCreate+CoreDataClass.swift */; };
		38EC34AE265BD1A3005645AC /* NoteToCreate+CoreDataProperties.swift in Sources */ = {isa = PBXBuildFile; fileRef = 38EC34A6265BD1A3005645AC /* NoteToCreate+CoreDataProperties.swift */; };
		38F570F325D0147C001140DA /* FireBaseNotesApp.swift in Sources */ = {isa = PBXBuildFile; fileRef = 38F570F225D0147C001140DA /* FireBaseNotesApp.swift */; };
		38F570F725D0147E001140DA /* Assets.xcassets in Resources */ = {isa = PBXBuildFile; fileRef = 38F570F625D0147E001140DA /* Assets.xcassets */; };
		38F570FA25D0147E001140DA /* Preview Assets.xcassets in Resources */ = {isa = PBXBuildFile; fileRef = 38F570F925D0147E001140DA /* Preview Assets.xcassets */; };
		B2419695D6FA38019D0D8AC6 /* Pods_FireBaseNotes.framework in Frameworks */ = {isa = PBXBuildFile; fileRef = 453FF192ADF1949214B51D09 /* Pods_FireBaseNotes.framework */; };
/* End PBXBuildFile section */

/* Begin PBXFileReference section */
		29A3B316DB82CB97F1483E99 /* Pods-FireBaseNotes.debug.xcconfig */ = {isa = PBXFileReference; includeInIndex = 1; lastKnownFileType = text.xcconfig; name = "Pods-FireBaseNotes.debug.xcconfig"; path = "Target Support Files/Pods-FireBaseNotes/Pods-FireBaseNotes.debug.xcconfig"; sourceTree = "<group>"; };
		3805E08B25D018B60049FA57 /* FireBase.swift */ = {isa = PBXFileReference; lastKnownFileType = sourcecode.swift; path = FireBase.swift; sourceTree = "<group>"; };
		3811689F2662201E0010D2DD /* CoreDataSyncServer.swift */ = {isa = PBXFileReference; lastKnownFileType = sourcecode.swift; path = CoreDataSyncServer.swift; sourceTree = "<group>"; };
		3821A2EA25D2C75100988955 /* LoginView.swift */ = {isa = PBXFileReference; lastKnownFileType = sourcecode.swift; path = LoginView.swift; sourceTree = "<group>"; };
		3821A2ED25D2CB7000988955 /* RegistrationView.swift */ = {isa = PBXFileReference; lastKnownFileType = sourcecode.swift; path = RegistrationView.swift; sourceTree = "<group>"; };
		3821A2F025D2CC4D00988955 /* NoteCreationView.swift */ = {isa = PBXFileReference; lastKnownFileType = sourcecode.swift; path = NoteCreationView.swift; sourceTree = "<group>"; };
		382BCB4A260B4E9400831B45 /* NoteFileModel.swift */ = {isa = PBXFileReference; lastKnownFileType = sourcecode.swift; path = NoteFileModel.swift; sourceTree = "<group>"; };
		3832D974265BC7B200FF6B75 /* DataModel.xcdatamodel */ = {isa = PBXFileReference; lastKnownFileType = wrapper.xcdatamodel; path = DataModel.xcdatamodel; sourceTree = "<group>"; };
		3834CEF825E5751B0009D65F /* Enums.swift */ = {isa = PBXFileReference; lastKnownFileType = sourcecode.swift; path = Enums.swift; sourceTree = "<group>"; };
		38490A912652C69100095CF8 /* ChangeNoteView.swift */ = {isa = PBXFileReference; lastKnownFileType = sourcecode.swift; path = ChangeNoteView.swift; sourceTree = "<group>"; };
		386E48CB25DD6DF00029A8D2 /* Account.swift */ = {isa = PBXFileReference; lastKnownFileType = sourcecode.swift; path = Account.swift; sourceTree = "<group>"; };
		38A0461B25FFC81C002D61B1 /* GoogleService-Info.plist */ = {isa = PBXFileReference; fileEncoding = 4; lastKnownFileType = text.plist.xml; path = "GoogleService-Info.plist"; sourceTree = "<group>"; };
		38AA57CC262C8B9800FFE4A1 /* CoreData.swift */ = {isa = PBXFileReference; lastKnownFileType = sourcecode.swift; path = CoreData.swift; sourceTree = "<group>"; };
		38B23CD5262C952900146B58 /* NoteListView.swift */ = {isa = PBXFileReference; lastKnownFileType = sourcecode.swift; path = NoteListView.swift; sourceTree = "<group>"; };
		38E04F1B2612288E0063B960 /* AccountView.swift */ = {isa = PBXFileReference; lastKnownFileType = sourcecode.swift; path = AccountView.swift; sourceTree = "<group>"; };
		38EC349F265BD1A3005645AC /* NoteToDelete+CoreDataClass.swift */ = {isa = PBXFileReference; lastKnownFileType = sourcecode.swift; path = "NoteToDelete+CoreDataClass.swift"; sourceTree = SOURCE_ROOT; };
		38EC34A0265BD1A3005645AC /* NoteToDelete+CoreDataProperties.swift */ = {isa = PBXFileReference; lastKnownFileType = sourcecode.swift; path = "NoteToDelete+CoreDataProperties.swift"; sourceTree = SOURCE_ROOT; };
		38EC34A1265BD1A3005645AC /* NoteToUpdate+CoreDataClass.swift */ = {isa = PBXFileReference; lastKnownFileType = sourcecode.swift; path = "NoteToUpdate+CoreDataClass.swift"; sourceTree = SOURCE_ROOT; };
		38EC34A2265BD1A3005645AC /* NoteToUpdate+CoreDataProperties.swift */ = {isa = PBXFileReference; lastKnownFileType = sourcecode.swift; path = "NoteToUpdate+CoreDataProperties.swift"; sourceTree = SOURCE_ROOT; };
		38EC34A3265BD1A3005645AC /* NoteModel+CoreDataClass.swift */ = {isa = PBXFileReference; lastKnownFileType = sourcecode.swift; path = "NoteModel+CoreDataClass.swift"; sourceTree = SOURCE_ROOT; };
		38EC34A4265BD1A3005645AC /* NoteModel+CoreDataProperties.swift */ = {isa = PBXFileReference; lastKnownFileType = sourcecode.swift; path = "NoteModel+CoreDataProperties.swift"; sourceTree = SOURCE_ROOT; };
		38EC34A5265BD1A3005645AC /* NoteToCreate+CoreDataClass.swift */ = {isa = PBXFileReference; lastKnownFileType = sourcecode.swift; path = "NoteToCreate+CoreDataClass.swift"; sourceTree = SOURCE_ROOT; };
		38EC34A6265BD1A3005645AC /* NoteToCreate+CoreDataProperties.swift */ = {isa = PBXFileReference; lastKnownFileType = sourcecode.swift; path = "NoteToCreate+CoreDataProperties.swift"; sourceTree = SOURCE_ROOT; };
		38F570EF25D0147C001140DA /* FireBaseNotes.app */ = {isa = PBXFileReference; explicitFileType = wrapper.application; includeInIndex = 0; path = FireBaseNotes.app; sourceTree = BUILT_PRODUCTS_DIR; };
		38F570F225D0147C001140DA /* FireBaseNotesApp.swift */ = {isa = PBXFileReference; lastKnownFileType = sourcecode.swift; path = FireBaseNotesApp.swift; sourceTree = "<group>"; };
		38F570F625D0147E001140DA /* Assets.xcassets */ = {isa = PBXFileReference; lastKnownFileType = folder.assetcatalog; path = Assets.xcassets; sourceTree = "<group>"; };
		38F570F925D0147E001140DA /* Preview Assets.xcassets */ = {isa = PBXFileReference; lastKnownFileType = folder.assetcatalog; path = "Preview Assets.xcassets"; sourceTree = "<group>"; };
		38F570FB25D0147E001140DA /* Info.plist */ = {isa = PBXFileReference; lastKnownFileType = text.plist.xml; path = Info.plist; sourceTree = "<group>"; };
		453FF192ADF1949214B51D09 /* Pods_FireBaseNotes.framework */ = {isa = PBXFileReference; explicitFileType = wrapper.framework; includeInIndex = 0; path = Pods_FireBaseNotes.framework; sourceTree = BUILT_PRODUCTS_DIR; };
		AA4C24AFE3D295E7D59A5547 /* Pods-FireBaseNotes.release.xcconfig */ = {isa = PBXFileReference; includeInIndex = 1; lastKnownFileType = text.xcconfig; name = "Pods-FireBaseNotes.release.xcconfig"; path = "Target Support Files/Pods-FireBaseNotes/Pods-FireBaseNotes.release.xcconfig"; sourceTree = "<group>"; };
/* End PBXFileReference section */

/* Begin PBXFrameworksBuildPhase section */
		38F570EC25D0147C001140DA /* Frameworks */ = {
			isa = PBXFrameworksBuildPhase;
			buildActionMask = 2147483647;
			files = (
				B2419695D6FA38019D0D8AC6 /* Pods_FireBaseNotes.framework in Frameworks */,
			);
			runOnlyForDeploymentPostprocessing = 0;
		};
/* End PBXFrameworksBuildPhase section */

/* Begin PBXGroup section */
		3821A2E525D2C41F00988955 /* ModelView */ = {
			isa = PBXGroup;
			children = (
				3805E08B25D018B60049FA57 /* FireBase.swift */,
				38AA57CC262C8B9800FFE4A1 /* CoreData.swift */,
				3811689F2662201E0010D2DD /* CoreDataSyncServer.swift */,
			);
			path = ModelView;
			sourceTree = "<group>";
		};
		3821A2E925D2C73D00988955 /* View */ = {
			isa = PBXGroup;
			children = (
				3821A2EA25D2C75100988955 /* LoginView.swift */,
				3821A2ED25D2CB7000988955 /* RegistrationView.swift */,
				3821A2F025D2CC4D00988955 /* NoteCreationView.swift */,
				38490A912652C69100095CF8 /* ChangeNoteView.swift */,
				38E04F1B2612288E0063B960 /* AccountView.swift */,
				38B23CD5262C952900146B58 /* NoteListView.swift */,
			);
			path = View;
			sourceTree = "<group>";
		};
		3834CEF725E575090009D65F /* Enums */ = {
			isa = PBXGroup;
			children = (
				3834CEF825E5751B0009D65F /* Enums.swift */,
			);
			path = Enums;
			sourceTree = "<group>";
		};
		386E48CA25DD6DDF0029A8D2 /* Models */ = {
			isa = PBXGroup;
			children = (
				386E48CB25DD6DF00029A8D2 /* Account.swift */,
				382BCB4A260B4E9400831B45 /* NoteFileModel.swift */,
			);
			path = Models;
			sourceTree = "<group>";
		};
		38AA57D3262C8CC700FFE4A1 /* CoreData */ = {
			isa = PBXGroup;
			children = (
				38B23CBF262C8F9900146B58 /* DataBaseModels */,
			);
			path = CoreData;
			sourceTree = "<group>";
		};
		38B23CBF262C8F9900146B58 /* DataBaseModels */ = {
			isa = PBXGroup;
			children = (
				38EC349F265BD1A3005645AC /* NoteToDelete+CoreDataClass.swift */,
				38EC34A0265BD1A3005645AC /* NoteToDelete+CoreDataProperties.swift */,
				38EC34A1265BD1A3005645AC /* NoteToUpdate+CoreDataClass.swift */,
				38EC34A2265BD1A3005645AC /* NoteToUpdate+CoreDataProperties.swift */,
				38EC34A3265BD1A3005645AC /* NoteModel+CoreDataClass.swift */,
				38EC34A4265BD1A3005645AC /* NoteModel+CoreDataProperties.swift */,
				38EC34A5265BD1A3005645AC /* NoteToCreate+CoreDataClass.swift */,
				38EC34A6265BD1A3005645AC /* NoteToCreate+CoreDataProperties.swift */,
				3832D973265BC7B200FF6B75 /* DataModel.xcdatamodeld */,
			);
			path = DataBaseModels;
			sourceTree = "<group>";
		};
		38F570E625D0147C001140DA = {
			isa = PBXGroup;
			children = (
				38A0461B25FFC81C002D61B1 /* GoogleService-Info.plist */,
				38F570F125D0147C001140DA /* FireBaseNotes */,
				38F570F025D0147C001140DA /* Products */,
				8A71BD5467C3825A2B2EF74D /* Pods */,
				AA6C9B071BB47778D1511547 /* Frameworks */,
			);
			sourceTree = "<group>";
		};
		38F570F025D0147C001140DA /* Products */ = {
			isa = PBXGroup;
			children = (
				38F570EF25D0147C001140DA /* FireBaseNotes.app */,
			);
			name = Products;
			sourceTree = "<group>";
		};
		38F570F125D0147C001140DA /* FireBaseNotes */ = {
			isa = PBXGroup;
			children = (
				38AA57D3262C8CC700FFE4A1 /* CoreData */,
				3834CEF725E575090009D65F /* Enums */,
				386E48CA25DD6DDF0029A8D2 /* Models */,
				3821A2E925D2C73D00988955 /* View */,
				3821A2E525D2C41F00988955 /* ModelView */,
				38F570F225D0147C001140DA /* FireBaseNotesApp.swift */,
				38F570F625D0147E001140DA /* Assets.xcassets */,
				38F570FB25D0147E001140DA /* Info.plist */,
				38F570F825D0147E001140DA /* Preview Content */,
			);
			path = FireBaseNotes;
			sourceTree = "<group>";
		};
		38F570F825D0147E001140DA /* Preview Content */ = {
			isa = PBXGroup;
			children = (
				38F570F925D0147E001140DA /* Preview Assets.xcassets */,
			);
			path = "Preview Content";
			sourceTree = "<group>";
		};
		8A71BD5467C3825A2B2EF74D /* Pods */ = {
			isa = PBXGroup;
			children = (
				29A3B316DB82CB97F1483E99 /* Pods-FireBaseNotes.debug.xcconfig */,
				AA4C24AFE3D295E7D59A5547 /* Pods-FireBaseNotes.release.xcconfig */,
			);
			path = Pods;
			sourceTree = "<group>";
		};
		AA6C9B071BB47778D1511547 /* Frameworks */ = {
			isa = PBXGroup;
			children = (
				453FF192ADF1949214B51D09 /* Pods_FireBaseNotes.framework */,
			);
			name = Frameworks;
			sourceTree = "<group>";
		};
/* End PBXGroup section */

/* Begin PBXNativeTarget section */
		38F570EE25D0147C001140DA /* FireBaseNotes */ = {
			isa = PBXNativeTarget;
			buildConfigurationList = 38F570FE25D0147E001140DA /* Build configuration list for PBXNativeTarget "FireBaseNotes" */;
			buildPhases = (
				D83C6A5F2A7E92EF9BFFF3E2 /* [CP] Check Pods Manifest.lock */,
				38F570EB25D0147C001140DA /* Sources */,
				38F570EC25D0147C001140DA /* Frameworks */,
				38F570ED25D0147C001140DA /* Resources */,
				73A1868BB3F4D9E82C09076B /* [CP] Embed Pods Frameworks */,
			);
			buildRules = (
			);
			dependencies = (
			);
			name = FireBaseNotes;
			productName = FireBaseNotes;
			productReference = 38F570EF25D0147C001140DA /* FireBaseNotes.app */;
			productType = "com.apple.product-type.application";
		};
/* End PBXNativeTarget section */

/* Begin PBXProject section */
		38F570E725D0147C001140DA /* Project object */ = {
			isa = PBXProject;
			attributes = {
				LastSwiftUpdateCheck = 1240;
				LastUpgradeCheck = 1240;
				TargetAttributes = {
					38F570EE25D0147C001140DA = {
						CreatedOnToolsVersion = 12.4;
					};
				};
			};
			buildConfigurationList = 38F570EA25D0147C001140DA /* Build configuration list for PBXProject "FireBaseNotes" */;
			compatibilityVersion = "Xcode 9.3";
			developmentRegion = en;
			hasScannedForEncodings = 0;
			knownRegions = (
				en,
				Base,
			);
			mainGroup = 38F570E625D0147C001140DA;
			productRefGroup = 38F570F025D0147C001140DA /* Products */;
			projectDirPath = "";
			projectRoot = "";
			targets = (
				38F570EE25D0147C001140DA /* FireBaseNotes */,
			);
		};
/* End PBXProject section */

/* Begin PBXResourcesBuildPhase section */
		38F570ED25D0147C001140DA /* Resources */ = {
			isa = PBXResourcesBuildPhase;
			buildActionMask = 2147483647;
			files = (
				38A0461C25FFC81C002D61B1 /* GoogleService-Info.plist in Resources */,
				38F570FA25D0147E001140DA /* Preview Assets.xcassets in Resources */,
				38F570F725D0147E001140DA /* Assets.xcassets in Resources */,
			);
			runOnlyForDeploymentPostprocessing = 0;
		};
/* End PBXResourcesBuildPhase section */

/* Begin PBXShellScriptBuildPhase section */
		73A1868BB3F4D9E82C09076B /* [CP] Embed Pods Frameworks */ = {
			isa = PBXShellScriptBuildPhase;
			buildActionMask = 2147483647;
			files = (
			);
			inputFileListPaths = (
				"${PODS_ROOT}/Target Support Files/Pods-FireBaseNotes/Pods-FireBaseNotes-frameworks-${CONFIGURATION}-input-files.xcfilelist",
			);
			name = "[CP] Embed Pods Frameworks";
			outputFileListPaths = (
				"${PODS_ROOT}/Target Support Files/Pods-FireBaseNotes/Pods-FireBaseNotes-frameworks-${CONFIGURATION}-output-files.xcfilelist",
			);
			runOnlyForDeploymentPostprocessing = 0;
			shellPath = /bin/sh;
			shellScript = "\"${PODS_ROOT}/Target Support Files/Pods-FireBaseNotes/Pods-FireBaseNotes-frameworks.sh\"\n";
			showEnvVarsInLog = 0;
		};
		D83C6A5F2A7E92EF9BFFF3E2 /* [CP] Check Pods Manifest.lock */ = {
			isa = PBXShellScriptBuildPhase;
			buildActionMask = 2147483647;
			files = (
			);
			inputFileListPaths = (
			);
			inputPaths = (
				"${PODS_PODFILE_DIR_PATH}/Podfile.lock",
				"${PODS_ROOT}/Manifest.lock",
			);
			name = "[CP] Check Pods Manifest.lock";
			outputFileListPaths = (
			);
			outputPaths = (
				"$(DERIVED_FILE_DIR)/Pods-FireBaseNotes-checkManifestLockResult.txt",
			);
			runOnlyForDeploymentPostprocessing = 0;
			shellPath = /bin/sh;
			shellScript = "diff \"${PODS_PODFILE_DIR_PATH}/Podfile.lock\" \"${PODS_ROOT}/Manifest.lock\" > /dev/null\nif [ $? != 0 ] ; then\n    # print error to STDERR\n    echo \"error: The sandbox is not in sync with the Podfile.lock. Run 'pod install' or update your CocoaPods installation.\" >&2\n    exit 1\nfi\n# This output is used by Xcode 'outputs' to avoid re-running this script phase.\necho \"SUCCESS\" > \"${SCRIPT_OUTPUT_FILE_0}\"\n";
			showEnvVarsInLog = 0;
		};
/* End PBXShellScriptBuildPhase section */

/* Begin PBXSourcesBuildPhase section */
		38F570EB25D0147C001140DA /* Sources */ = {
			isa = PBXSourcesBuildPhase;
			buildActionMask = 2147483647;
			files = (
				38EC34AD265BD1A3005645AC /* NoteToCreate+CoreDataClass.swift in Sources */,
				3821A2F125D2CC4D00988955 /* NoteCreationView.swift in Sources */,
				38EC34AA265BD1A3005645AC /* NoteToUpdate+CoreDataProperties.swift in Sources */,
				38B23CD6262C952900146B58 /* NoteListView.swift in Sources */,
				3832D975265BC7B200FF6B75 /* DataModel.xcdatamodeld in Sources */,
				38EC34AC265BD1A3005645AC /* NoteModel+CoreDataProperties.swift in Sources */,
				38EC34AE265BD1A3005645AC /* NoteToCreate+CoreDataProperties.swift in Sources */,
				3805E08C25D018B60049FA57 /* FireBase.swift in Sources */,
				38E04F1C2612288E0063B960 /* AccountView.swift in Sources */,
				38490A922652C69100095CF8 /* ChangeNoteView.swift in Sources */,
				38EC34A9265BD1A3005645AC /* NoteToUpdate+CoreDataClass.swift in Sources */,
				38AA57CD262C8B9800FFE4A1 /* CoreData.swift in Sources */,
				382BCB4B260B4E9400831B45 /* NoteFileModel.swift in Sources */,
				3821A2EE25D2CB7000988955 /* RegistrationView.swift in Sources */,
				38EC34AB265BD1A3005645AC /* NoteModel+CoreDataClass.swift in Sources */,
				3821A2EB25D2C75100988955 /* LoginView.swift in Sources */,
				381168A02662201E0010D2DD /* CoreDataSyncServer.swift in Sources */,
				38EC34A7265BD1A3005645AC /* NoteToDelete+CoreDataClass.swift in Sources */,
				38F570F325D0147C001140DA /* FireBaseNotesApp.swift in Sources */,
				38EC34A8265BD1A3005645AC /* NoteToDelete+CoreDataProperties.swift in Sources */,
				3834CEF925E5751B0009D65F /* Enums.swift in Sources */,
				386E48CC25DD6DF00029A8D2 /* Account.swift in Sources */,
			);
			runOnlyForDeploymentPostprocessing = 0;
		};
/* End PBXSourcesBuildPhase section */

/* Begin XCBuildConfiguration section */
		38F570FC25D0147E001140DA /* Debug */ = {
			isa = XCBuildConfiguration;
			buildSettings = {
				ALWAYS_SEARCH_USER_PATHS = NO;
				CLANG_ANALYZER_NONNULL = YES;
				CLANG_ANALYZER_NUMBER_OBJECT_CONVERSION = YES_AGGRESSIVE;
				CLANG_CXX_LANGUAGE_STANDARD = "gnu++14";
				CLANG_CXX_LIBRARY = "libc++";
				CLANG_ENABLE_MODULES = YES;
				CLANG_ENABLE_OBJC_ARC = YES;
				CLANG_ENABLE_OBJC_WEAK = YES;
				CLANG_WARN_BLOCK_CAPTURE_AUTORELEASING = YES;
				CLANG_WARN_BOOL_CONVERSION = YES;
				CLANG_WARN_COMMA = YES;
				CLANG_WARN_CONSTANT_CONVERSION = YES;
				CLANG_WARN_DEPRECATED_OBJC_IMPLEMENTATIONS = YES;
				CLANG_WARN_DIRECT_OBJC_ISA_USAGE = YES_ERROR;
				CLANG_WARN_DOCUMENTATION_COMMENTS = YES;
				CLANG_WARN_EMPTY_BODY = YES;
				CLANG_WARN_ENUM_CONVERSION = YES;
				CLANG_WARN_INFINITE_RECURSION = YES;
				CLANG_WARN_INT_CONVERSION = YES;
				CLANG_WARN_NON_LITERAL_NULL_CONVERSION = YES;
				CLANG_WARN_OBJC_IMPLICIT_RETAIN_SELF = YES;
				CLANG_WARN_OBJC_LITERAL_CONVERSION = YES;
				CLANG_WARN_OBJC_ROOT_CLASS = YES_ERROR;
				CLANG_WARN_QUOTED_INCLUDE_IN_FRAMEWORK_HEADER = YES;
				CLANG_WARN_RANGE_LOOP_ANALYSIS = YES;
				CLANG_WARN_STRICT_PROTOTYPES = YES;
				CLANG_WARN_SUSPICIOUS_MOVE = YES;
				CLANG_WARN_UNGUARDED_AVAILABILITY = YES_AGGRESSIVE;
				CLANG_WARN_UNREACHABLE_CODE = YES;
				CLANG_WARN__DUPLICATE_METHOD_MATCH = YES;
				COPY_PHASE_STRIP = NO;
				DEBUG_INFORMATION_FORMAT = dwarf;
				ENABLE_STRICT_OBJC_MSGSEND = YES;
				ENABLE_TESTABILITY = YES;
				GCC_C_LANGUAGE_STANDARD = gnu11;
				GCC_DYNAMIC_NO_PIC = NO;
				GCC_NO_COMMON_BLOCKS = YES;
				GCC_OPTIMIZATION_LEVEL = 0;
				GCC_PREPROCESSOR_DEFINITIONS = (
					"DEBUG=1",
					"$(inherited)",
				);
				GCC_WARN_64_TO_32_BIT_CONVERSION = YES;
				GCC_WARN_ABOUT_RETURN_TYPE = YES_ERROR;
				GCC_WARN_UNDECLARED_SELECTOR = YES;
				GCC_WARN_UNINITIALIZED_AUTOS = YES_AGGRESSIVE;
				GCC_WARN_UNUSED_FUNCTION = YES;
				GCC_WARN_UNUSED_VARIABLE = YES;
				IPHONEOS_DEPLOYMENT_TARGET = 14.4;
				MTL_ENABLE_DEBUG_INFO = INCLUDE_SOURCE;
				MTL_FAST_MATH = YES;
				ONLY_ACTIVE_ARCH = YES;
				SDKROOT = iphoneos;
				SWIFT_ACTIVE_COMPILATION_CONDITIONS = DEBUG;
				SWIFT_OPTIMIZATION_LEVEL = "-Onone";
			};
			name = Debug;
		};
		38F570FD25D0147E001140DA /* Release */ = {
			isa = XCBuildConfiguration;
			buildSettings = {
				ALWAYS_SEARCH_USER_PATHS = NO;
				CLANG_ANALYZER_NONNULL = YES;
				CLANG_ANALYZER_NUMBER_OBJECT_CONVERSION = YES_AGGRESSIVE;
				CLANG_CXX_LANGUAGE_STANDARD = "gnu++14";
				CLANG_CXX_LIBRARY = "libc++";
				CLANG_ENABLE_MODULES = YES;
				CLANG_ENABLE_OBJC_ARC = YES;
				CLANG_ENABLE_OBJC_WEAK = YES;
				CLANG_WARN_BLOCK_CAPTURE_AUTORELEASING = YES;
				CLANG_WARN_BOOL_CONVERSION = YES;
				CLANG_WARN_COMMA = YES;
				CLANG_WARN_CONSTANT_CONVERSION = YES;
				CLANG_WARN_DEPRECATED_OBJC_IMPLEMENTATIONS = YES;
				CLANG_WARN_DIRECT_OBJC_ISA_USAGE = YES_ERROR;
				CLANG_WARN_DOCUMENTATION_COMMENTS = YES;
				CLANG_WARN_EMPTY_BODY = YES;
				CLANG_WARN_ENUM_CONVERSION = YES;
				CLANG_WARN_INFINITE_RECURSION = YES;
				CLANG_WARN_INT_CONVERSION = YES;
				CLANG_WARN_NON_LITERAL_NULL_CONVERSION = YES;
				CLANG_WARN_OBJC_IMPLICIT_RETAIN_SELF = YES;
				CLANG_WARN_OBJC_LITERAL_CONVERSION = YES;
				CLANG_WARN_OBJC_ROOT_CLASS = YES_ERROR;
				CLANG_WARN_QUOTED_INCLUDE_IN_FRAMEWORK_HEADER = YES;
				CLANG_WARN_RANGE_LOOP_ANALYSIS = YES;
				CLANG_WARN_STRICT_PROTOTYPES = YES;
				CLANG_WARN_SUSPICIOUS_MOVE = YES;
				CLANG_WARN_UNGUARDED_AVAILABILITY = YES_AGGRESSIVE;
				CLANG_WARN_UNREACHABLE_CODE = YES;
				CLANG_WARN__DUPLICATE_METHOD_MATCH = YES;
				COPY_PHASE_STRIP = NO;
				DEBUG_INFORMATION_FORMAT = "dwarf-with-dsym";
				ENABLE_NS_ASSERTIONS = NO;
				ENABLE_STRICT_OBJC_MSGSEND = YES;
				GCC_C_LANGUAGE_STANDARD = gnu11;
				GCC_NO_COMMON_BLOCKS = YES;
				GCC_WARN_64_TO_32_BIT_CONVERSION = YES;
				GCC_WARN_ABOUT_RETURN_TYPE = YES_ERROR;
				GCC_WARN_UNDECLARED_SELECTOR = YES;
				GCC_WARN_UNINITIALIZED_AUTOS = YES_AGGRESSIVE;
				GCC_WARN_UNUSED_FUNCTION = YES;
				GCC_WARN_UNUSED_VARIABLE = YES;
				IPHONEOS_DEPLOYMENT_TARGET = 14.4;
				MTL_ENABLE_DEBUG_INFO = NO;
				MTL_FAST_MATH = YES;
				SDKROOT = iphoneos;
				SWIFT_COMPILATION_MODE = wholemodule;
				SWIFT_OPTIMIZATION_LEVEL = "-O";
				VALIDATE_PRODUCT = YES;
			};
			name = Release;
		};
		38F570FF25D0147E001140DA /* Debug */ = {
			isa = XCBuildConfiguration;
			baseConfigurationReference = 29A3B316DB82CB97F1483E99 /* Pods-FireBaseNotes.debug.xcconfig */;
			buildSettings = {
				ASSETCATALOG_COMPILER_APPICON_NAME = AppIcon;
				ASSETCATALOG_COMPILER_GLOBAL_ACCENT_COLOR_NAME = AccentColor;
				CODE_SIGN_STYLE = Automatic;
				DEVELOPMENT_ASSET_PATHS = "\"FireBaseNotes/Preview Content\"";
				DEVELOPMENT_TEAM = 2GL77FKF9Q;
				ENABLE_PREVIEWS = YES;
				INFOPLIST_FILE = FireBaseNotes/Info.plist;
				IPHONEOS_DEPLOYMENT_TARGET = 14.0;
				LD_RUNPATH_SEARCH_PATHS = (
					"$(inherited)",
					"@executable_path/Frameworks",
				);
				MARKETING_VERSION = 0.1;
				PRODUCT_BUNDLE_IDENTIFIER = kosmo.FireBaseNotes;
				PRODUCT_NAME = "$(TARGET_NAME)";
				SWIFT_VERSION = 5.0;
				TARGETED_DEVICE_FAMILY = "1,2";
			};
			name = Debug;
		};
		38F5710025D0147E001140DA /* Release */ = {
			isa = XCBuildConfiguration;
			baseConfigurationReference = AA4C24AFE3D295E7D59A5547 /* Pods-FireBaseNotes.release.xcconfig */;
			buildSettings = {
				ASSETCATALOG_COMPILER_APPICON_NAME = AppIcon;
				ASSETCATALOG_COMPILER_GLOBAL_ACCENT_COLOR_NAME = AccentColor;
				CODE_SIGN_STYLE = Automatic;
				DEVELOPMENT_ASSET_PATHS = "\"FireBaseNotes/Preview Content\"";
				DEVELOPMENT_TEAM = 2GL77FKF9Q;
				ENABLE_PREVIEWS = YES;
				INFOPLIST_FILE = FireBaseNotes/Info.plist;
				IPHONEOS_DEPLOYMENT_TARGET = 14.0;
				LD_RUNPATH_SEARCH_PATHS = (
					"$(inherited)",
					"@executable_path/Frameworks",
				);
				MARKETING_VERSION = 0.1;
				PRODUCT_BUNDLE_IDENTIFIER = kosmo.FireBaseNotes;
				PRODUCT_NAME = "$(TARGET_NAME)";
				SWIFT_VERSION = 5.0;
				TARGETED_DEVICE_FAMILY = "1,2";
			};
			name = Release;
		};
/* End XCBuildConfiguration section */

/* Begin XCConfigurationList section */
		38F570EA25D0147C001140DA /* Build configuration list for PBXProject "FireBaseNotes" */ = {
			isa = XCConfigurationList;
			buildConfigurations = (
				38F570FC25D0147E001140DA /* Debug */,
				38F570FD25D0147E001140DA /* Release */,
			);
			defaultConfigurationIsVisible = 0;
			defaultConfigurationName = Release;
		};
		38F570FE25D0147E001140DA /* Build configuration list for PBXNativeTarget "FireBaseNotes" */ = {
			isa = XCConfigurationList;
			buildConfigurations = (
				38F570FF25D0147E001140DA /* Debug */,
				38F5710025D0147E001140DA /* Release */,
			);
			defaultConfigurationIsVisible = 0;
			defaultConfigurationName = Release;
		};
/* End XCConfigurationList section */

/* Begin XCVersionGroup section */
		3832D973265BC7B200FF6B75 /* DataModel.xcdatamodeld */ = {
			isa = XCVersionGroup;
			children = (
				3832D974265BC7B200FF6B75 /* DataModel.xcdatamodel */,
			);
			currentVersion = 3832D974265BC7B200FF6B75 /* DataModel.xcdatamodel */;
			path = DataModel.xcdatamodeld;
			sourceTree = "<group>";
			versionGroupType = wrapper.xcdatamodel;
		};
/* End XCVersionGroup section */
	};
	rootObject = 38F570E725D0147C001140DA /* Project object */;
}
