// !$*UTF8*$!
{
	archiveVersion = 1;
	classes = {
	};
	objectVersion = 50;
	objects = {

/* Begin PBXBuildFile section */
		383A7B4425BD64B600A4FEC2 /* EpisodeModel.swift in Sources */ = {isa = PBXBuildFile; fileRef = 383A7B4325BD64B600A4FEC2 /* EpisodeModel.swift */; };
		383CE1D025C133CF00385D64 /* EpisodeView.swift in Sources */ = {isa = PBXBuildFile; fileRef = 383CE1CF25C133CF00385D64 /* EpisodeView.swift */; };
		383CE1D425C1380900385D64 /* CharacterLoader.swift in Sources */ = {isa = PBXBuildFile; fileRef = 383CE1D325C1380900385D64 /* CharacterLoader.swift */; };
		383CE1D725C13F9800385D64 /* LoaderView.swift in Sources */ = {isa = PBXBuildFile; fileRef = 383CE1D625C13F9800385D64 /* LoaderView.swift */; };
		3845D73A25AB0F6600FA6284 /* RickAndMortyApp.swift in Sources */ = {isa = PBXBuildFile; fileRef = 3845D73925AB0F6600FA6284 /* RickAndMortyApp.swift */; };
		3845D73C25AB0F6600FA6284 /* MainMenuView.swift in Sources */ = {isa = PBXBuildFile; fileRef = 3845D73B25AB0F6600FA6284 /* MainMenuView.swift */; };
		3845D73E25AB0F6800FA6284 /* Assets.xcassets in Resources */ = {isa = PBXBuildFile; fileRef = 3845D73D25AB0F6800FA6284 /* Assets.xcassets */; };
		3845D74125AB0F6800FA6284 /* Preview Assets.xcassets in Resources */ = {isa = PBXBuildFile; fileRef = 3845D74025AB0F6800FA6284 /* Preview Assets.xcassets */; };
		3845D74E25AB1B9000FA6284 /* MainMenuViewModel.swift in Sources */ = {isa = PBXBuildFile; fileRef = 3845D74D25AB1B9000FA6284 /* MainMenuViewModel.swift */; };
		384D75B825B1BF2B0031E714 /* CharcterView.swift in Sources */ = {isa = PBXBuildFile; fileRef = 384D75B725B1BF2B0031E714 /* CharcterView.swift */; };
		385DF19E25AB2EA800CA51C3 /* ObjectViewModel.swift in Sources */ = {isa = PBXBuildFile; fileRef = 385DF19D25AB2EA800CA51C3 /* ObjectViewModel.swift */; };
		385DF1A125AB2F2A00CA51C3 /* CharaterModel.swift in Sources */ = {isa = PBXBuildFile; fileRef = 385DF1A025AB2F2A00CA51C3 /* CharaterModel.swift */; };
		386786FE25B0B17900CAFB5F /* CharacterRowView.swift in Sources */ = {isa = PBXBuildFile; fileRef = 386786FD25B0B17900CAFB5F /* CharacterRowView.swift */; };
		3867870225B0B36500CAFB5F /* UIImageLoader.swift in Sources */ = {isa = PBXBuildFile; fileRef = 3867870125B0B36500CAFB5F /* UIImageLoader.swift */; };
		3888E61125AB1F4A0002D1ED /* MainMenuModel.swift in Sources */ = {isa = PBXBuildFile; fileRef = 3888E61025AB1F4A0002D1ED /* MainMenuModel.swift */; };
		3888E61425AB25720002D1ED /* ObjectView.swift in Sources */ = {isa = PBXBuildFile; fileRef = 3888E61325AB25720002D1ED /* ObjectView.swift */; };
		388DBE4225B4513900683B43 /* HorizontalTextView.swift in Sources */ = {isa = PBXBuildFile; fileRef = 388DBE4125B4513900683B43 /* HorizontalTextView.swift */; };
		38B8224F25BD5B1500FA708E /* LocationView.swift in Sources */ = {isa = PBXBuildFile; fileRef = 38B8224E25BD5B1500FA708E /* LocationView.swift */; };
		38CED66525BD4E56009FF14E /* LocationModel.swift in Sources */ = {isa = PBXBuildFile; fileRef = 38CED66425BD4E56009FF14E /* LocationModel.swift */; };
/* End PBXBuildFile section */

/* Begin PBXFileReference section */
		383A7B4325BD64B600A4FEC2 /* EpisodeModel.swift */ = {isa = PBXFileReference; lastKnownFileType = sourcecode.swift; path = EpisodeModel.swift; sourceTree = "<group>"; };
		383CE1CF25C133CF00385D64 /* EpisodeView.swift */ = {isa = PBXFileReference; lastKnownFileType = sourcecode.swift; path = EpisodeView.swift; sourceTree = "<group>"; };
		383CE1D325C1380900385D64 /* CharacterLoader.swift */ = {isa = PBXFileReference; lastKnownFileType = sourcecode.swift; path = CharacterLoader.swift; sourceTree = "<group>"; };
		383CE1D625C13F9800385D64 /* LoaderView.swift */ = {isa = PBXFileReference; lastKnownFileType = sourcecode.swift; path = LoaderView.swift; sourceTree = "<group>"; };
		3845D73625AB0F6600FA6284 /* RickAndMorty.app */ = {isa = PBXFileReference; explicitFileType = wrapper.application; includeInIndex = 0; path = RickAndMorty.app; sourceTree = BUILT_PRODUCTS_DIR; };
		3845D73925AB0F6600FA6284 /* RickAndMortyApp.swift */ = {isa = PBXFileReference; lastKnownFileType = sourcecode.swift; path = RickAndMortyApp.swift; sourceTree = "<group>"; };
		3845D73B25AB0F6600FA6284 /* MainMenuView.swift */ = {isa = PBXFileReference; lastKnownFileType = sourcecode.swift; path = MainMenuView.swift; sourceTree = "<group>"; };
		3845D73D25AB0F6800FA6284 /* Assets.xcassets */ = {isa = PBXFileReference; lastKnownFileType = folder.assetcatalog; path = Assets.xcassets; sourceTree = "<group>"; };
		3845D74025AB0F6800FA6284 /* Preview Assets.xcassets */ = {isa = PBXFileReference; lastKnownFileType = folder.assetcatalog; path = "Preview Assets.xcassets"; sourceTree = "<group>"; };
		3845D74225AB0F6800FA6284 /* Info.plist */ = {isa = PBXFileReference; lastKnownFileType = text.plist.xml; path = Info.plist; sourceTree = "<group>"; };
		3845D74D25AB1B9000FA6284 /* MainMenuViewModel.swift */ = {isa = PBXFileReference; lastKnownFileType = sourcecode.swift; path = MainMenuViewModel.swift; sourceTree = "<group>"; };
		384D75B725B1BF2B0031E714 /* CharcterView.swift */ = {isa = PBXFileReference; lastKnownFileType = sourcecode.swift; path = CharcterView.swift; sourceTree = "<group>"; };
		385DF19D25AB2EA800CA51C3 /* ObjectViewModel.swift */ = {isa = PBXFileReference; lastKnownFileType = sourcecode.swift; path = ObjectViewModel.swift; sourceTree = "<group>"; };
		385DF1A025AB2F2A00CA51C3 /* CharaterModel.swift */ = {isa = PBXFileReference; lastKnownFileType = sourcecode.swift; path = CharaterModel.swift; sourceTree = "<group>"; };
		386786FD25B0B17900CAFB5F /* CharacterRowView.swift */ = {isa = PBXFileReference; lastKnownFileType = sourcecode.swift; path = CharacterRowView.swift; sourceTree = "<group>"; };
		3867870125B0B36500CAFB5F /* UIImageLoader.swift */ = {isa = PBXFileReference; lastKnownFileType = sourcecode.swift; path = UIImageLoader.swift; sourceTree = "<group>"; };
		3888E61025AB1F4A0002D1ED /* MainMenuModel.swift */ = {isa = PBXFileReference; lastKnownFileType = sourcecode.swift; path = MainMenuModel.swift; sourceTree = "<group>"; };
		3888E61325AB25720002D1ED /* ObjectView.swift */ = {isa = PBXFileReference; lastKnownFileType = sourcecode.swift; path = ObjectView.swift; sourceTree = "<group>"; };
		388DBE4125B4513900683B43 /* HorizontalTextView.swift */ = {isa = PBXFileReference; lastKnownFileType = sourcecode.swift; path = HorizontalTextView.swift; sourceTree = "<group>"; };
		38B8224E25BD5B1500FA708E /* LocationView.swift */ = {isa = PBXFileReference; lastKnownFileType = sourcecode.swift; path = LocationView.swift; sourceTree = "<group>"; };
		38CED66425BD4E56009FF14E /* LocationModel.swift */ = {isa = PBXFileReference; lastKnownFileType = sourcecode.swift; path = LocationModel.swift; sourceTree = "<group>"; };
/* End PBXFileReference section */

/* Begin PBXFrameworksBuildPhase section */
		3845D73325AB0F6600FA6284 /* Frameworks */ = {
			isa = PBXFrameworksBuildPhase;
			buildActionMask = 2147483647;
			files = (
			);
			runOnlyForDeploymentPostprocessing = 0;
		};
/* End PBXFrameworksBuildPhase section */

/* Begin PBXGroup section */
		3845D72D25AB0F6600FA6284 = {
			isa = PBXGroup;
			children = (
				3845D73825AB0F6600FA6284 /* RickAndMorty */,
				3845D73725AB0F6600FA6284 /* Products */,
			);
			sourceTree = "<group>";
		};
		3845D73725AB0F6600FA6284 /* Products */ = {
			isa = PBXGroup;
			children = (
				3845D73625AB0F6600FA6284 /* RickAndMorty.app */,
			);
			name = Products;
			sourceTree = "<group>";
		};
		3845D73825AB0F6600FA6284 /* RickAndMorty */ = {
			isa = PBXGroup;
			children = (
				3867870025B0B2DF00CAFB5F /* Services */,
				3888E60F25AB1F3B0002D1ED /* Models */,
				3845D74B25AB1B6200FA6284 /* ModelView */,
				3845D74A25AB1B5900FA6284 /* View */,
				3845D73925AB0F6600FA6284 /* RickAndMortyApp.swift */,
				3845D73D25AB0F6800FA6284 /* Assets.xcassets */,
				3845D74225AB0F6800FA6284 /* Info.plist */,
				3845D73F25AB0F6800FA6284 /* Preview Content */,
			);
			path = RickAndMorty;
			sourceTree = "<group>";
		};
		3845D73F25AB0F6800FA6284 /* Preview Content */ = {
			isa = PBXGroup;
			children = (
				3845D74025AB0F6800FA6284 /* Preview Assets.xcassets */,
			);
			path = "Preview Content";
			sourceTree = "<group>";
		};
		3845D74A25AB1B5900FA6284 /* View */ = {
			isa = PBXGroup;
			children = (
				386786FC25B0B14900CAFB5F /* SubView */,
				3845D73B25AB0F6600FA6284 /* MainMenuView.swift */,
				38B8224E25BD5B1500FA708E /* LocationView.swift */,
				3888E61325AB25720002D1ED /* ObjectView.swift */,
				384D75B725B1BF2B0031E714 /* CharcterView.swift */,
				383CE1CF25C133CF00385D64 /* EpisodeView.swift */,
			);
			path = View;
			sourceTree = "<group>";
		};
		3845D74B25AB1B6200FA6284 /* ModelView */ = {
			isa = PBXGroup;
			children = (
				3845D74D25AB1B9000FA6284 /* MainMenuViewModel.swift */,
				385DF19D25AB2EA800CA51C3 /* ObjectViewModel.swift */,
			);
			path = ModelView;
			sourceTree = "<group>";
		};
		386786FC25B0B14900CAFB5F /* SubView */ = {
			isa = PBXGroup;
			children = (
				386786FD25B0B17900CAFB5F /* CharacterRowView.swift */,
				388DBE4125B4513900683B43 /* HorizontalTextView.swift */,
				383CE1D625C13F9800385D64 /* LoaderView.swift */,
			);
			path = SubView;
			sourceTree = "<group>";
		};
		3867870025B0B2DF00CAFB5F /* Services */ = {
			isa = PBXGroup;
			children = (
				3867870125B0B36500CAFB5F /* UIImageLoader.swift */,
				383CE1D325C1380900385D64 /* CharacterLoader.swift */,
			);
			path = Services;
			sourceTree = "<group>";
		};
		3888E60F25AB1F3B0002D1ED /* Models */ = {
			isa = PBXGroup;
			children = (
				3888E61025AB1F4A0002D1ED /* MainMenuModel.swift */,
				385DF1A025AB2F2A00CA51C3 /* CharaterModel.swift */,
				38CED66425BD4E56009FF14E /* LocationModel.swift */,
				383A7B4325BD64B600A4FEC2 /* EpisodeModel.swift */,
			);
			path = Models;
			sourceTree = "<group>";
		};
/* End PBXGroup section */

/* Begin PBXNativeTarget section */
		3845D73525AB0F6600FA6284 /* RickAndMorty */ = {
			isa = PBXNativeTarget;
			buildConfigurationList = 3845D74525AB0F6800FA6284 /* Build configuration list for PBXNativeTarget "RickAndMorty" */;
			buildPhases = (
				3845D73225AB0F6600FA6284 /* Sources */,
				3845D73325AB0F6600FA6284 /* Frameworks */,
				3845D73425AB0F6600FA6284 /* Resources */,
			);
			buildRules = (
			);
			dependencies = (
			);
			name = RickAndMorty;
			productName = RickAndMorty;
			productReference = 3845D73625AB0F6600FA6284 /* RickAndMorty.app */;
			productType = "com.apple.product-type.application";
		};
/* End PBXNativeTarget section */

/* Begin PBXProject section */
		3845D72E25AB0F6600FA6284 /* Project object */ = {
			isa = PBXProject;
			attributes = {
				LastSwiftUpdateCheck = 1230;
				LastUpgradeCheck = 1230;
				TargetAttributes = {
					3845D73525AB0F6600FA6284 = {
						CreatedOnToolsVersion = 12.3;
					};
				};
			};
			buildConfigurationList = 3845D73125AB0F6600FA6284 /* Build configuration list for PBXProject "RickAndMorty" */;
			compatibilityVersion = "Xcode 9.3";
			developmentRegion = en;
			hasScannedForEncodings = 0;
			knownRegions = (
				en,
				Base,
			);
			mainGroup = 3845D72D25AB0F6600FA6284;
			productRefGroup = 3845D73725AB0F6600FA6284 /* Products */;
			projectDirPath = "";
			projectRoot = "";
			targets = (
				3845D73525AB0F6600FA6284 /* RickAndMorty */,
			);
		};
/* End PBXProject section */

/* Begin PBXResourcesBuildPhase section */
		3845D73425AB0F6600FA6284 /* Resources */ = {
			isa = PBXResourcesBuildPhase;
			buildActionMask = 2147483647;
			files = (
				3845D74125AB0F6800FA6284 /* Preview Assets.xcassets in Resources */,
				3845D73E25AB0F6800FA6284 /* Assets.xcassets in Resources */,
			);
			runOnlyForDeploymentPostprocessing = 0;
		};
/* End PBXResourcesBuildPhase section */

/* Begin PBXSourcesBuildPhase section */
		3845D73225AB0F6600FA6284 /* Sources */ = {
			isa = PBXSourcesBuildPhase;
			buildActionMask = 2147483647;
			files = (
				38B8224F25BD5B1500FA708E /* LocationView.swift in Sources */,
				3845D73C25AB0F6600FA6284 /* MainMenuView.swift in Sources */,
				386786FE25B0B17900CAFB5F /* CharacterRowView.swift in Sources */,
				384D75B825B1BF2B0031E714 /* CharcterView.swift in Sources */,
				383CE1D425C1380900385D64 /* CharacterLoader.swift in Sources */,
				383CE1D025C133CF00385D64 /* EpisodeView.swift in Sources */,
				3888E61125AB1F4A0002D1ED /* MainMenuModel.swift in Sources */,
				3867870225B0B36500CAFB5F /* UIImageLoader.swift in Sources */,
				3888E61425AB25720002D1ED /* ObjectView.swift in Sources */,
				385DF19E25AB2EA800CA51C3 /* ObjectViewModel.swift in Sources */,
				3845D73A25AB0F6600FA6284 /* RickAndMortyApp.swift in Sources */,
				385DF1A125AB2F2A00CA51C3 /* CharaterModel.swift in Sources */,
				388DBE4225B4513900683B43 /* HorizontalTextView.swift in Sources */,
				383A7B4425BD64B600A4FEC2 /* EpisodeModel.swift in Sources */,
				383CE1D725C13F9800385D64 /* LoaderView.swift in Sources */,
				38CED66525BD4E56009FF14E /* LocationModel.swift in Sources */,
				3845D74E25AB1B9000FA6284 /* MainMenuViewModel.swift in Sources */,
			);
			runOnlyForDeploymentPostprocessing = 0;
		};
/* End PBXSourcesBuildPhase section */

/* Begin XCBuildConfiguration section */
		3845D74325AB0F6800FA6284 /* Debug */ = {
			isa = XCBuildConfiguration;
			buildSettings = {
				ALWAYS_SEARCH_USER_PATHS = NO;
				CLANG_ANALYZER_NONNULL = YES;
				CLANG_ANALYZER_NUMBER_OBJECT_CONVERSION = YES_AGGRESSIVE;
				CLANG_CXX_LANGUAGE_STANDARD = "gnu++14";
				CLANG_CXX_LIBRARY = "libc++";
				CLANG_ENABLE_MODULES = YES;
				CLANG_ENABLE_OBJC_ARC = YES;
				CLANG_ENABLE_OBJC_WEAK = YES;
				CLANG_WARN_BLOCK_CAPTURE_AUTORELEASING = YES;
				CLANG_WARN_BOOL_CONVERSION = YES;
				CLANG_WARN_COMMA = YES;
				CLANG_WARN_CONSTANT_CONVERSION = YES;
				CLANG_WARN_DEPRECATED_OBJC_IMPLEMENTATIONS = YES;
				CLANG_WARN_DIRECT_OBJC_ISA_USAGE = YES_ERROR;
				CLANG_WARN_DOCUMENTATION_COMMENTS = YES;
				CLANG_WARN_EMPTY_BODY = YES;
				CLANG_WARN_ENUM_CONVERSION = YES;
				CLANG_WARN_INFINITE_RECURSION = YES;
				CLANG_WARN_INT_CONVERSION = YES;
				CLANG_WARN_NON_LITERAL_NULL_CONVERSION = YES;
				CLANG_WARN_OBJC_IMPLICIT_RETAIN_SELF = YES;
				CLANG_WARN_OBJC_LITERAL_CONVERSION = YES;
				CLANG_WARN_OBJC_ROOT_CLASS = YES_ERROR;
				CLANG_WARN_QUOTED_INCLUDE_IN_FRAMEWORK_HEADER = YES;
				CLANG_WARN_RANGE_LOOP_ANALYSIS = YES;
				CLANG_WARN_STRICT_PROTOTYPES = YES;
				CLANG_WARN_SUSPICIOUS_MOVE = YES;
				CLANG_WARN_UNGUARDED_AVAILABILITY = YES_AGGRESSIVE;
				CLANG_WARN_UNREACHABLE_CODE = YES;
				CLANG_WARN__DUPLICATE_METHOD_MATCH = YES;
				COPY_PHASE_STRIP = NO;
				DEBUG_INFORMATION_FORMAT = dwarf;
				ENABLE_STRICT_OBJC_MSGSEND = YES;
				ENABLE_TESTABILITY = YES;
				GCC_C_LANGUAGE_STANDARD = gnu11;
				GCC_DYNAMIC_NO_PIC = NO;
				GCC_NO_COMMON_BLOCKS = YES;
				GCC_OPTIMIZATION_LEVEL = 0;
				GCC_PREPROCESSOR_DEFINITIONS = (
					"DEBUG=1",
					"$(inherited)",
				);
				GCC_WARN_64_TO_32_BIT_CONVERSION = YES;
				GCC_WARN_ABOUT_RETURN_TYPE = YES_ERROR;
				GCC_WARN_UNDECLARED_SELECTOR = YES;
				GCC_WARN_UNINITIALIZED_AUTOS = YES_AGGRESSIVE;
				GCC_WARN_UNUSED_FUNCTION = YES;
				GCC_WARN_UNUSED_VARIABLE = YES;
				IPHONEOS_DEPLOYMENT_TARGET = 14.3;
				MTL_ENABLE_DEBUG_INFO = INCLUDE_SOURCE;
				MTL_FAST_MATH = YES;
				ONLY_ACTIVE_ARCH = YES;
				SDKROOT = iphoneos;
				SWIFT_ACTIVE_COMPILATION_CONDITIONS = DEBUG;
				SWIFT_OPTIMIZATION_LEVEL = "-Onone";
			};
			name = Debug;
		};
		3845D74425AB0F6800FA6284 /* Release */ = {
			isa = XCBuildConfiguration;
			buildSettings = {
				ALWAYS_SEARCH_USER_PATHS = NO;
				CLANG_ANALYZER_NONNULL = YES;
				CLANG_ANALYZER_NUMBER_OBJECT_CONVERSION = YES_AGGRESSIVE;
				CLANG_CXX_LANGUAGE_STANDARD = "gnu++14";
				CLANG_CXX_LIBRARY = "libc++";
				CLANG_ENABLE_MODULES = YES;
				CLANG_ENABLE_OBJC_ARC = YES;
				CLANG_ENABLE_OBJC_WEAK = YES;
				CLANG_WARN_BLOCK_CAPTURE_AUTORELEASING = YES;
				CLANG_WARN_BOOL_CONVERSION = YES;
				CLANG_WARN_COMMA = YES;
				CLANG_WARN_CONSTANT_CONVERSION = YES;
				CLANG_WARN_DEPRECATED_OBJC_IMPLEMENTATIONS = YES;
				CLANG_WARN_DIRECT_OBJC_ISA_USAGE = YES_ERROR;
				CLANG_WARN_DOCUMENTATION_COMMENTS = YES;
				CLANG_WARN_EMPTY_BODY = YES;
				CLANG_WARN_ENUM_CONVERSION = YES;
				CLANG_WARN_INFINITE_RECURSION = YES;
				CLANG_WARN_INT_CONVERSION = YES;
				CLANG_WARN_NON_LITERAL_NULL_CONVERSION = YES;
				CLANG_WARN_OBJC_IMPLICIT_RETAIN_SELF = YES;
				CLANG_WARN_OBJC_LITERAL_CONVERSION = YES;
				CLANG_WARN_OBJC_ROOT_CLASS = YES_ERROR;
				CLANG_WARN_QUOTED_INCLUDE_IN_FRAMEWORK_HEADER = YES;
				CLANG_WARN_RANGE_LOOP_ANALYSIS = YES;
				CLANG_WARN_STRICT_PROTOTYPES = YES;
				CLANG_WARN_SUSPICIOUS_MOVE = YES;
				CLANG_WARN_UNGUARDED_AVAILABILITY = YES_AGGRESSIVE;
				CLANG_WARN_UNREACHABLE_CODE = YES;
				CLANG_WARN__DUPLICATE_METHOD_MATCH = YES;
				COPY_PHASE_STRIP = NO;
				DEBUG_INFORMATION_FORMAT = "dwarf-with-dsym";
				ENABLE_NS_ASSERTIONS = NO;
				ENABLE_STRICT_OBJC_MSGSEND = YES;
				GCC_C_LANGUAGE_STANDARD = gnu11;
				GCC_NO_COMMON_BLOCKS = YES;
				GCC_WARN_64_TO_32_BIT_CONVERSION = YES;
				GCC_WARN_ABOUT_RETURN_TYPE = YES_ERROR;
				GCC_WARN_UNDECLARED_SELECTOR = YES;
				GCC_WARN_UNINITIALIZED_AUTOS = YES_AGGRESSIVE;
				GCC_WARN_UNUSED_FUNCTION = YES;
				GCC_WARN_UNUSED_VARIABLE = YES;
				IPHONEOS_DEPLOYMENT_TARGET = 14.3;
				MTL_ENABLE_DEBUG_INFO = NO;
				MTL_FAST_MATH = YES;
				SDKROOT = iphoneos;
				SWIFT_COMPILATION_MODE = wholemodule;
				SWIFT_OPTIMIZATION_LEVEL = "-O";
				VALIDATE_PRODUCT = YES;
			};
			name = Release;
		};
		3845D74625AB0F6800FA6284 /* Debug */ = {
			isa = XCBuildConfiguration;
			buildSettings = {
				ASSETCATALOG_COMPILER_APPICON_NAME = AppIcon;
				ASSETCATALOG_COMPILER_GLOBAL_ACCENT_COLOR_NAME = AccentColor;
				CODE_SIGN_STYLE = Automatic;
				DEVELOPMENT_ASSET_PATHS = "\"RickAndMorty/Preview Content\"";
				DEVELOPMENT_TEAM = 2GL77FKF9Q;
				ENABLE_PREVIEWS = YES;
				INFOPLIST_FILE = RickAndMorty/Info.plist;
				IPHONEOS_DEPLOYMENT_TARGET = 14.0;
				LD_RUNPATH_SEARCH_PATHS = (
					"$(inherited)",
					"@executable_path/Frameworks",
				);
				PRODUCT_BUNDLE_IDENTIFIER = kosmo.RickAndMorty;
				PRODUCT_NAME = "$(TARGET_NAME)";
				SWIFT_VERSION = 5.0;
				TARGETED_DEVICE_FAMILY = "1,2";
			};
			name = Debug;
		};
		3845D74725AB0F6800FA6284 /* Release */ = {
			isa = XCBuildConfiguration;
			buildSettings = {
				ASSETCATALOG_COMPILER_APPICON_NAME = AppIcon;
				ASSETCATALOG_COMPILER_GLOBAL_ACCENT_COLOR_NAME = AccentColor;
				CODE_SIGN_STYLE = Automatic;
				DEVELOPMENT_ASSET_PATHS = "\"RickAndMorty/Preview Content\"";
				DEVELOPMENT_TEAM = 2GL77FKF9Q;
				ENABLE_PREVIEWS = YES;
				INFOPLIST_FILE = RickAndMorty/Info.plist;
				IPHONEOS_DEPLOYMENT_TARGET = 14.0;
				LD_RUNPATH_SEARCH_PATHS = (
					"$(inherited)",
					"@executable_path/Frameworks",
				);
				PRODUCT_BUNDLE_IDENTIFIER = kosmo.RickAndMorty;
				PRODUCT_NAME = "$(TARGET_NAME)";
				SWIFT_VERSION = 5.0;
				TARGETED_DEVICE_FAMILY = "1,2";
			};
			name = Release;
		};
/* End XCBuildConfiguration section */

/* Begin XCConfigurationList section */
		3845D73125AB0F6600FA6284 /* Build configuration list for PBXProject "RickAndMorty" */ = {
			isa = XCConfigurationList;
			buildConfigurations = (
				3845D74325AB0F6800FA6284 /* Debug */,
				3845D74425AB0F6800FA6284 /* Release */,
			);
			defaultConfigurationIsVisible = 0;
			defaultConfigurationName = Release;
		};
		3845D74525AB0F6800FA6284 /* Build configuration list for PBXNativeTarget "RickAndMorty" */ = {
			isa = XCConfigurationList;
			buildConfigurations = (
				3845D74625AB0F6800FA6284 /* Debug */,
				3845D74725AB0F6800FA6284 /* Release */,
			);
			defaultConfigurationIsVisible = 0;
			defaultConfigurationName = Release;
		};
/* End XCConfigurationList section */
	};
	rootObject = 3845D72E25AB0F6600FA6284 /* Project object */;
}
